<?xml version="1.0" encoding="utf-8"?>
<Project ToolsVersion="17.0" xmlns="http://schemas.microsoft.com/developer/msbuild/2003">
  <ItemGroup>
    <CustomBuild Include="D:\Code\CMake-Tutorial\Step12\release\CMakeFiles\f30abd30aa5c95d91e8c35f966bc7d1e\INSTALL_force.rule">
      <Filter>CMake Rules</Filter>
    </CustomBuild>
  </ItemGroup>
  <ItemGroup>
    <Filter Include="CMake Rules">
      <UniqueIdentifier>{7EB17997-81DF-3B5D-AAFB-428D444C26DB}</UniqueIdentifier>
    </Filter>
  </ItemGroup>
</Project>
