
Microsoft Visual Studio Solution File, Format Version 12.00
# Visual Studio Version 17
Project("{8BC9CEB8-8B4A-11D0-8D11-00A0C91BC942}") = "ALL_BUILD", "ALL_BUILD.vcxproj", "{52F7468C-7A62-3335-BE59-87F5440380C2}"
	ProjectSection(ProjectDependencies) = postProject
		{756FE165-46CC-3B83-BC23-FFBF6597AEAC} = {756FE165-46CC-3B83-BC23-FFBF6597AEAC}
		{5C2DA1F9-8B4F-3074-8AE7-DF4D90D9D9F0} = {5C2DA1F9-8B4F-3074-8AE7-DF4D90D9D9F0}
		{6B27BC08-0AFF-3BBC-A5CF-323389914F59} = {6B27BC08-0AFF-3BBC-A5CF-323389914F59}
		{05C4A0D6-2415-3A61-BF7D-F773394FD238} = {05C4A0D6-2415-3A61-BF7D-F773394FD238}
		{E90D9739-0098-31DA-8A73-2FDF65752D5E} = {E90D9739-0098-31DA-8A73-2FDF65752D5E}
	EndProjectSection
EndProject
Project("{8BC9CEB8-8B4A-11D0-8D11-00A0C91BC942}") = "INSTALL", "INSTALL.vcxproj", "{52E8724B-67C7-3892-8201-055800310A90}"
	ProjectSection(ProjectDependencies) = postProject
		{52F7468C-7A62-3335-BE59-87F5440380C2} = {52F7468C-7A62-3335-BE59-87F5440380C2}
		{E90D9739-0098-31DA-8A73-2FDF65752D5E} = {E90D9739-0098-31DA-8A73-2FDF65752D5E}
	EndProjectSection
EndProject
Project("{8BC9CEB8-8B4A-11D0-8D11-00A0C91BC942}") = "MakeTable", "MathFunctions\MakeTable.vcxproj", "{756FE165-46CC-3B83-BC23-FFBF6597AEAC}"
	ProjectSection(ProjectDependencies) = postProject
		{E90D9739-0098-31DA-8A73-2FDF65752D5E} = {E90D9739-0098-31DA-8A73-2FDF65752D5E}
	EndProjectSection
EndProject
Project("{8BC9CEB8-8B4A-11D0-8D11-00A0C91BC942}") = "MathFunctions", "MathFunctions\MathFunctions.vcxproj", "{5C2DA1F9-8B4F-3074-8AE7-DF4D90D9D9F0}"
	ProjectSection(ProjectDependencies) = postProject
		{6B27BC08-0AFF-3BBC-A5CF-323389914F59} = {6B27BC08-0AFF-3BBC-A5CF-323389914F59}
		{E90D9739-0098-31DA-8A73-2FDF65752D5E} = {E90D9739-0098-31DA-8A73-2FDF65752D5E}
	EndProjectSection
EndProject
Project("{8BC9CEB8-8B4A-11D0-8D11-00A0C91BC942}") = "PACKAGE", "PACKAGE.vcxproj", "{FC02D8A7-D71A-3D17-BE8A-AB3E3B46A857}"
	ProjectSection(ProjectDependencies) = postProject
		{52F7468C-7A62-3335-BE59-87F5440380C2} = {52F7468C-7A62-3335-BE59-87F5440380C2}
		{E90D9739-0098-31DA-8A73-2FDF65752D5E} = {E90D9739-0098-31DA-8A73-2FDF65752D5E}
	EndProjectSection
EndProject
Project("{8BC9CEB8-8B4A-11D0-8D11-00A0C91BC942}") = "RUN_TESTS", "RUN_TESTS.vcxproj", "{029B92ED-B66C-3D0F-8905-B3F9C5479D2E}"
	ProjectSection(ProjectDependencies) = postProject
		{E90D9739-0098-31DA-8A73-2FDF65752D5E} = {E90D9739-0098-31DA-8A73-2FDF65752D5E}
	EndProjectSection
EndProject
Project("{8BC9CEB8-8B4A-11D0-8D11-00A0C91BC942}") = "SqrtLibrary", "MathFunctions\SqrtLibrary.vcxproj", "{6B27BC08-0AFF-3BBC-A5CF-323389914F59}"
	ProjectSection(ProjectDependencies) = postProject
		{756FE165-46CC-3B83-BC23-FFBF6597AEAC} = {756FE165-46CC-3B83-BC23-FFBF6597AEAC}
		{E90D9739-0098-31DA-8A73-2FDF65752D5E} = {E90D9739-0098-31DA-8A73-2FDF65752D5E}
	EndProjectSection
EndProject
Project("{8BC9CEB8-8B4A-11D0-8D11-00A0C91BC942}") = "Tutorial", "Tutorial.vcxproj", "{05C4A0D6-2415-3A61-BF7D-F773394FD238}"
	ProjectSection(ProjectDependencies) = postProject
		{5C2DA1F9-8B4F-3074-8AE7-DF4D90D9D9F0} = {5C2DA1F9-8B4F-3074-8AE7-DF4D90D9D9F0}
		{E90D9739-0098-31DA-8A73-2FDF65752D5E} = {E90D9739-0098-31DA-8A73-2FDF65752D5E}
	EndProjectSection
EndProject
Project("{8BC9CEB8-8B4A-11D0-8D11-00A0C91BC942}") = "ZERO_CHECK", "ZERO_CHECK.vcxproj", "{E90D9739-0098-31DA-8A73-2FDF65752D5E}"
	ProjectSection(ProjectDependencies) = postProject
	EndProjectSection
EndProject
Global
	GlobalSection(SolutionConfigurationPlatforms) = preSolution
		Debug|x64 = Debug|x64
		Release|x64 = Release|x64
		MinSizeRel|x64 = MinSizeRel|x64
		RelWithDebInfo|x64 = RelWithDebInfo|x64
	EndGlobalSection
	GlobalSection(ProjectConfigurationPlatforms) = postSolution
		{52F7468C-7A62-3335-BE59-87F5440380C2}.Debug|x64.ActiveCfg = Debug|x64
		{52F7468C-7A62-3335-BE59-87F5440380C2}.Debug|x64.Build.0 = Debug|x64
		{52F7468C-7A62-3335-BE59-87F5440380C2}.Release|x64.ActiveCfg = Release|x64
		{52F7468C-7A62-3335-BE59-87F5440380C2}.Release|x64.Build.0 = Release|x64
		{52F7468C-7A62-3335-BE59-87F5440380C2}.MinSizeRel|x64.ActiveCfg = MinSizeRel|x64
		{52F7468C-7A62-3335-BE59-87F5440380C2}.MinSizeRel|x64.Build.0 = MinSizeRel|x64
		{52F7468C-7A62-3335-BE59-87F5440380C2}.RelWithDebInfo|x64.ActiveCfg = RelWithDebInfo|x64
		{52F7468C-7A62-3335-BE59-87F5440380C2}.RelWithDebInfo|x64.Build.0 = RelWithDebInfo|x64
		{52E8724B-67C7-3892-8201-055800310A90}.Debug|x64.ActiveCfg = Debug|x64
		{52E8724B-67C7-3892-8201-055800310A90}.Release|x64.ActiveCfg = Release|x64
		{52E8724B-67C7-3892-8201-055800310A90}.MinSizeRel|x64.ActiveCfg = MinSizeRel|x64
		{52E8724B-67C7-3892-8201-055800310A90}.RelWithDebInfo|x64.ActiveCfg = RelWithDebInfo|x64
		{756FE165-46CC-3B83-BC23-FFBF6597AEAC}.Debug|x64.ActiveCfg = Debug|x64
		{756FE165-46CC-3B83-BC23-FFBF6597AEAC}.Debug|x64.Build.0 = Debug|x64
		{756FE165-46CC-3B83-BC23-FFBF6597AEAC}.Release|x64.ActiveCfg = Release|x64
		{756FE165-46CC-3B83-BC23-FFBF6597AEAC}.Release|x64.Build.0 = Release|x64
		{756FE165-46CC-3B83-BC23-FFBF6597AEAC}.MinSizeRel|x64.ActiveCfg = MinSizeRel|x64
		{756FE165-46CC-3B83-BC23-FFBF6597AEAC}.MinSizeRel|x64.Build.0 = MinSizeRel|x64
		{756FE165-46CC-3B83-BC23-FFBF6597AEAC}.RelWithDebInfo|x64.ActiveCfg = RelWithDebInfo|x64
		{756FE165-46CC-3B83-BC23-FFBF6597AEAC}.RelWithDebInfo|x64.Build.0 = RelWithDebInfo|x64
		{5C2DA1F9-8B4F-3074-8AE7-DF4D90D9D9F0}.Debug|x64.ActiveCfg = Debug|x64
		{5C2DA1F9-8B4F-3074-8AE7-DF4D90D9D9F0}.Debug|x64.Build.0 = Debug|x64
		{5C2DA1F9-8B4F-3074-8AE7-DF4D90D9D9F0}.Release|x64.ActiveCfg = Release|x64
		{5C2DA1F9-8B4F-3074-8AE7-DF4D90D9D9F0}.Release|x64.Build.0 = Release|x64
		{5C2DA1F9-8B4F-3074-8AE7-DF4D90D9D9F0}.MinSizeRel|x64.ActiveCfg = MinSizeRel|x64
		{5C2DA1F9-8B4F-3074-8AE7-DF4D90D9D9F0}.MinSizeRel|x64.Build.0 = MinSizeRel|x64
		{5C2DA1F9-8B4F-3074-8AE7-DF4D90D9D9F0}.RelWithDebInfo|x64.ActiveCfg = RelWithDebInfo|x64
		{5C2DA1F9-8B4F-3074-8AE7-DF4D90D9D9F0}.RelWithDebInfo|x64.Build.0 = RelWithDebInfo|x64
		{FC02D8A7-D71A-3D17-BE8A-AB3E3B46A857}.Debug|x64.ActiveCfg = Debug|x64
		{FC02D8A7-D71A-3D17-BE8A-AB3E3B46A857}.Release|x64.ActiveCfg = Release|x64
		{FC02D8A7-D71A-3D17-BE8A-AB3E3B46A857}.MinSizeRel|x64.ActiveCfg = MinSizeRel|x64
		{FC02D8A7-D71A-3D17-BE8A-AB3E3B46A857}.RelWithDebInfo|x64.ActiveCfg = RelWithDebInfo|x64
		{029B92ED-B66C-3D0F-8905-B3F9C5479D2E}.Debug|x64.ActiveCfg = Debug|x64
		{029B92ED-B66C-3D0F-8905-B3F9C5479D2E}.Release|x64.ActiveCfg = Release|x64
		{029B92ED-B66C-3D0F-8905-B3F9C5479D2E}.MinSizeRel|x64.ActiveCfg = MinSizeRel|x64
		{029B92ED-B66C-3D0F-8905-B3F9C5479D2E}.RelWithDebInfo|x64.ActiveCfg = RelWithDebInfo|x64
		{6B27BC08-0AFF-3BBC-A5CF-323389914F59}.Debug|x64.ActiveCfg = Debug|x64
		{6B27BC08-0AFF-3BBC-A5CF-323389914F59}.Debug|x64.Build.0 = Debug|x64
		{6B27BC08-0AFF-3BBC-A5CF-323389914F59}.Release|x64.ActiveCfg = Release|x64
		{6B27BC08-0AFF-3BBC-A5CF-323389914F59}.Release|x64.Build.0 = Release|x64
		{6B27BC08-0AFF-3BBC-A5CF-323389914F59}.MinSizeRel|x64.ActiveCfg = MinSizeRel|x64
		{6B27BC08-0AFF-3BBC-A5CF-323389914F59}.MinSizeRel|x64.Build.0 = MinSizeRel|x64
		{6B27BC08-0AFF-3BBC-A5CF-323389914F59}.RelWithDebInfo|x64.ActiveCfg = RelWithDebInfo|x64
		{6B27BC08-0AFF-3BBC-A5CF-323389914F59}.RelWithDebInfo|x64.Build.0 = RelWithDebInfo|x64
		{05C4A0D6-2415-3A61-BF7D-F773394FD238}.Debug|x64.ActiveCfg = Debug|x64
		{05C4A0D6-2415-3A61-BF7D-F773394FD238}.Debug|x64.Build.0 = Debug|x64
		{05C4A0D6-2415-3A61-BF7D-F773394FD238}.Release|x64.ActiveCfg = Release|x64
		{05C4A0D6-2415-3A61-BF7D-F773394FD238}.Release|x64.Build.0 = Release|x64
		{05C4A0D6-2415-3A61-BF7D-F773394FD238}.MinSizeRel|x64.ActiveCfg = MinSizeRel|x64
		{05C4A0D6-2415-3A61-BF7D-F773394FD238}.MinSizeRel|x64.Build.0 = MinSizeRel|x64
		{05C4A0D6-2415-3A61-BF7D-F773394FD238}.RelWithDebInfo|x64.ActiveCfg = RelWithDebInfo|x64
		{05C4A0D6-2415-3A61-BF7D-F773394FD238}.RelWithDebInfo|x64.Build.0 = RelWithDebInfo|x64
		{E90D9739-0098-31DA-8A73-2FDF65752D5E}.Debug|x64.ActiveCfg = Debug|x64
		{E90D9739-0098-31DA-8A73-2FDF65752D5E}.Debug|x64.Build.0 = Debug|x64
		{E90D9739-0098-31DA-8A73-2FDF65752D5E}.Release|x64.ActiveCfg = Release|x64
		{E90D9739-0098-31DA-8A73-2FDF65752D5E}.Release|x64.Build.0 = Release|x64
		{E90D9739-0098-31DA-8A73-2FDF65752D5E}.MinSizeRel|x64.ActiveCfg = MinSizeRel|x64
		{E90D9739-0098-31DA-8A73-2FDF65752D5E}.MinSizeRel|x64.Build.0 = MinSizeRel|x64
		{E90D9739-0098-31DA-8A73-2FDF65752D5E}.RelWithDebInfo|x64.ActiveCfg = RelWithDebInfo|x64
		{E90D9739-0098-31DA-8A73-2FDF65752D5E}.RelWithDebInfo|x64.Build.0 = RelWithDebInfo|x64
	EndGlobalSection
	GlobalSection(ExtensibilityGlobals) = postSolution
		SolutionGuid = {31C09782-7A9C-3D63-B94F-EE617B809E58}
	EndGlobalSection
	GlobalSection(ExtensibilityAddIns) = postSolution
	EndGlobalSection
EndGlobal
