<?xml version="1.0" encoding="utf-8"?>
<Project ToolsVersion="17.0" xmlns="http://schemas.microsoft.com/developer/msbuild/2003">
  <ItemGroup>
    <CustomBuild Include="D:\Code\CMake-Tutorial\Step12\debug\CMakeFiles\b9baf5466affc5c23cbb62811dfe684b\INSTALL_force.rule">
      <Filter>CMake Rules</Filter>
    </CustomBuild>
  </ItemGroup>
  <ItemGroup>
    <Filter Include="CMake Rules">
      <UniqueIdentifier>{4B33160A-AB83-33B4-856A-10C4282C7DAE}</UniqueIdentifier>
    </Filter>
  </ItemGroup>
</Project>
