<?xml version="1.0" encoding="utf-8"?>
<Project ToolsVersion="17.0" xmlns="http://schemas.microsoft.com/developer/msbuild/2003">
  <ItemGroup>
    <ClCompile Include="D:\Code\CMake-Tutorial\Step12\MathFunctions\mysqrt.cpp">
      <Filter>Source Files</Filter>
    </ClCompile>
  </ItemGroup>
  <ItemGroup>
    <ClInclude Include="D:\Code\CMake-Tutorial\Step12\debug\MathFunctions\Table.h">
      <Filter>Header Files</Filter>
    </ClInclude>
  </ItemGroup>
  <ItemGroup>
    <CustomBuild Include="D:\Code\CMake-Tutorial\Step12\debug\CMakeFiles\dd80828df5f7f7a2fac40ac452ff047b\Table.h.rule">
      <Filter>CMake Rules</Filter>
    </CustomBuild>
    <CustomBuild Include="D:\Code\CMake-Tutorial\Step12\MathFunctions\CMakeLists.txt" />
  </ItemGroup>
  <ItemGroup>
    <Filter Include="CMake Rules">
      <UniqueIdentifier>{4B33160A-AB83-33B4-856A-10C4282C7DAE}</UniqueIdentifier>
    </Filter>
    <Filter Include="Header Files">
      <UniqueIdentifier>{D4E65BF3-6CD6-3D99-8693-FFB9834E824E}</UniqueIdentifier>
    </Filter>
    <Filter Include="Source Files">
      <UniqueIdentifier>{07991798-53A5-3B5B-AD01-B3F078D1B616}</UniqueIdentifier>
    </Filter>
  </ItemGroup>
</Project>
