<?xml version="1.0" encoding="utf-8"?>
<Project ToolsVersion="17.0" xmlns="http://schemas.microsoft.com/developer/msbuild/2003">
  <ItemGroup>
    <ClCompile Include="D:\Code\CMake-Tutorial\Step12\MathFunctions\mysqrt.cpp">
      <Filter>Source Files</Filter>
    </ClCompile>
  </ItemGroup>
  <ItemGroup>
    <ClInclude Include="D:\Code\CMake-Tutorial\Step12\release\MathFunctions\Table.h">
      <Filter>Header Files</Filter>
    </ClInclude>
  </ItemGroup>
  <ItemGroup>
    <CustomBuild Include="D:\Code\CMake-Tutorial\Step12\release\CMakeFiles\c511789eefa28509a2b785cd0681843e\Table.h.rule">
      <Filter>CMake Rules</Filter>
    </CustomBuild>
    <CustomBuild Include="D:\Code\CMake-Tutorial\Step12\MathFunctions\CMakeLists.txt" />
  </ItemGroup>
  <ItemGroup>
    <Filter Include="CMake Rules">
      <UniqueIdentifier>{7EB17997-81DF-3B5D-AAFB-428D444C26DB}</UniqueIdentifier>
    </Filter>
    <Filter Include="Header Files">
      <UniqueIdentifier>{C1644D51-70D4-30A0-89CC-55E6B80E6D13}</UniqueIdentifier>
    </Filter>
    <Filter Include="Source Files">
      <UniqueIdentifier>{5FB41367-ACF7-3A33-AE8C-416F7B880E61}</UniqueIdentifier>
    </Filter>
  </ItemGroup>
</Project>
