
Microsoft Visual Studio Solution File, Format Version 12.00
# Visual Studio Version 17
Project("{8BC9CEB8-8B4A-11D0-8D11-00A0C91BC942}") = "ALL_BUILD", "ALL_BUILD.vcxproj", "{CEEF9E65-D098-3875-8755-F8CC1C852798}"
	ProjectSection(ProjectDependencies) = postProject
		{6F64CC77-13FB-387F-809E-9EFEB9F1610F} = {6F64CC77-13FB-387F-809E-9EFEB9F1610F}
		{CF86C616-3B3F-3282-951E-560EE3A133E9} = {CF86C616-3B3F-3282-951E-560EE3A133E9}
		{9A5CFB19-07A6-365E-98DF-F80FE5DB01C8} = {9A5CFB19-07A6-365E-98DF-F80FE5DB01C8}
		{6B02E261-4DD3-3BCF-8564-C8DDD48EEC70} = {6B02E261-4DD3-3BCF-8564-C8DDD48EEC70}
		{118AFD5F-60BD-3A87-90D5-C75B132417CD} = {118AFD5F-60BD-3A87-90D5-C75B132417CD}
	EndProjectSection
EndProject
Project("{8BC9CEB8-8B4A-11D0-8D11-00A0C91BC942}") = "INSTALL", "INSTALL.vcxproj", "{3FEA3EA8-AEC8-3D56-BD3E-2EDD2447DAEB}"
	ProjectSection(ProjectDependencies) = postProject
		{CEEF9E65-D098-3875-8755-F8CC1C852798} = {CEEF9E65-D098-3875-8755-F8CC1C852798}
		{118AFD5F-60BD-3A87-90D5-C75B132417CD} = {118AFD5F-60BD-3A87-90D5-C75B132417CD}
	EndProjectSection
EndProject
Project("{8BC9CEB8-8B4A-11D0-8D11-00A0C91BC942}") = "MakeTable", "MathFunctions\MakeTable.vcxproj", "{6F64CC77-13FB-387F-809E-9EFEB9F1610F}"
	ProjectSection(ProjectDependencies) = postProject
		{118AFD5F-60BD-3A87-90D5-C75B132417CD} = {118AFD5F-60BD-3A87-90D5-C75B132417CD}
	EndProjectSection
EndProject
Project("{8BC9CEB8-8B4A-11D0-8D11-00A0C91BC942}") = "MathFunctions", "MathFunctions\MathFunctions.vcxproj", "{CF86C616-3B3F-3282-951E-560EE3A133E9}"
	ProjectSection(ProjectDependencies) = postProject
		{9A5CFB19-07A6-365E-98DF-F80FE5DB01C8} = {9A5CFB19-07A6-365E-98DF-F80FE5DB01C8}
		{118AFD5F-60BD-3A87-90D5-C75B132417CD} = {118AFD5F-60BD-3A87-90D5-C75B132417CD}
	EndProjectSection
EndProject
Project("{8BC9CEB8-8B4A-11D0-8D11-00A0C91BC942}") = "PACKAGE", "PACKAGE.vcxproj", "{CD951477-8845-339C-9539-6AA92CD9C844}"
	ProjectSection(ProjectDependencies) = postProject
		{CEEF9E65-D098-3875-8755-F8CC1C852798} = {CEEF9E65-D098-3875-8755-F8CC1C852798}
		{118AFD5F-60BD-3A87-90D5-C75B132417CD} = {118AFD5F-60BD-3A87-90D5-C75B132417CD}
	EndProjectSection
EndProject
Project("{8BC9CEB8-8B4A-11D0-8D11-00A0C91BC942}") = "RUN_TESTS", "RUN_TESTS.vcxproj", "{ADD908BB-225E-38BB-9AAB-43A2FAD2FBE1}"
	ProjectSection(ProjectDependencies) = postProject
		{118AFD5F-60BD-3A87-90D5-C75B132417CD} = {118AFD5F-60BD-3A87-90D5-C75B132417CD}
	EndProjectSection
EndProject
Project("{8BC9CEB8-8B4A-11D0-8D11-00A0C91BC942}") = "SqrtLibrary", "MathFunctions\SqrtLibrary.vcxproj", "{9A5CFB19-07A6-365E-98DF-F80FE5DB01C8}"
	ProjectSection(ProjectDependencies) = postProject
		{6F64CC77-13FB-387F-809E-9EFEB9F1610F} = {6F64CC77-13FB-387F-809E-9EFEB9F1610F}
		{118AFD5F-60BD-3A87-90D5-C75B132417CD} = {118AFD5F-60BD-3A87-90D5-C75B132417CD}
	EndProjectSection
EndProject
Project("{8BC9CEB8-8B4A-11D0-8D11-00A0C91BC942}") = "Tutorial", "Tutorial.vcxproj", "{6B02E261-4DD3-3BCF-8564-C8DDD48EEC70}"
	ProjectSection(ProjectDependencies) = postProject
		{CF86C616-3B3F-3282-951E-560EE3A133E9} = {CF86C616-3B3F-3282-951E-560EE3A133E9}
		{118AFD5F-60BD-3A87-90D5-C75B132417CD} = {118AFD5F-60BD-3A87-90D5-C75B132417CD}
	EndProjectSection
EndProject
Project("{8BC9CEB8-8B4A-11D0-8D11-00A0C91BC942}") = "ZERO_CHECK", "ZERO_CHECK.vcxproj", "{118AFD5F-60BD-3A87-90D5-C75B132417CD}"
	ProjectSection(ProjectDependencies) = postProject
	EndProjectSection
EndProject
Global
	GlobalSection(SolutionConfigurationPlatforms) = preSolution
		Debug|x64 = Debug|x64
		Release|x64 = Release|x64
		MinSizeRel|x64 = MinSizeRel|x64
		RelWithDebInfo|x64 = RelWithDebInfo|x64
	EndGlobalSection
	GlobalSection(ProjectConfigurationPlatforms) = postSolution
		{CEEF9E65-D098-3875-8755-F8CC1C852798}.Debug|x64.ActiveCfg = Debug|x64
		{CEEF9E65-D098-3875-8755-F8CC1C852798}.Debug|x64.Build.0 = Debug|x64
		{CEEF9E65-D098-3875-8755-F8CC1C852798}.Release|x64.ActiveCfg = Release|x64
		{CEEF9E65-D098-3875-8755-F8CC1C852798}.Release|x64.Build.0 = Release|x64
		{CEEF9E65-D098-3875-8755-F8CC1C852798}.MinSizeRel|x64.ActiveCfg = MinSizeRel|x64
		{CEEF9E65-D098-3875-8755-F8CC1C852798}.MinSizeRel|x64.Build.0 = MinSizeRel|x64
		{CEEF9E65-D098-3875-8755-F8CC1C852798}.RelWithDebInfo|x64.ActiveCfg = RelWithDebInfo|x64
		{CEEF9E65-D098-3875-8755-F8CC1C852798}.RelWithDebInfo|x64.Build.0 = RelWithDebInfo|x64
		{3FEA3EA8-AEC8-3D56-BD3E-2EDD2447DAEB}.Debug|x64.ActiveCfg = Debug|x64
		{3FEA3EA8-AEC8-3D56-BD3E-2EDD2447DAEB}.Release|x64.ActiveCfg = Release|x64
		{3FEA3EA8-AEC8-3D56-BD3E-2EDD2447DAEB}.MinSizeRel|x64.ActiveCfg = MinSizeRel|x64
		{3FEA3EA8-AEC8-3D56-BD3E-2EDD2447DAEB}.RelWithDebInfo|x64.ActiveCfg = RelWithDebInfo|x64
		{6F64CC77-13FB-387F-809E-9EFEB9F1610F}.Debug|x64.ActiveCfg = Debug|x64
		{6F64CC77-13FB-387F-809E-9EFEB9F1610F}.Debug|x64.Build.0 = Debug|x64
		{6F64CC77-13FB-387F-809E-9EFEB9F1610F}.Release|x64.ActiveCfg = Release|x64
		{6F64CC77-13FB-387F-809E-9EFEB9F1610F}.Release|x64.Build.0 = Release|x64
		{6F64CC77-13FB-387F-809E-9EFEB9F1610F}.MinSizeRel|x64.ActiveCfg = MinSizeRel|x64
		{6F64CC77-13FB-387F-809E-9EFEB9F1610F}.MinSizeRel|x64.Build.0 = MinSizeRel|x64
		{6F64CC77-13FB-387F-809E-9EFEB9F1610F}.RelWithDebInfo|x64.ActiveCfg = RelWithDebInfo|x64
		{6F64CC77-13FB-387F-809E-9EFEB9F1610F}.RelWithDebInfo|x64.Build.0 = RelWithDebInfo|x64
		{CF86C616-3B3F-3282-951E-560EE3A133E9}.Debug|x64.ActiveCfg = Debug|x64
		{CF86C616-3B3F-3282-951E-560EE3A133E9}.Debug|x64.Build.0 = Debug|x64
		{CF86C616-3B3F-3282-951E-560EE3A133E9}.Release|x64.ActiveCfg = Release|x64
		{CF86C616-3B3F-3282-951E-560EE3A133E9}.Release|x64.Build.0 = Release|x64
		{CF86C616-3B3F-3282-951E-560EE3A133E9}.MinSizeRel|x64.ActiveCfg = MinSizeRel|x64
		{CF86C616-3B3F-3282-951E-560EE3A133E9}.MinSizeRel|x64.Build.0 = MinSizeRel|x64
		{CF86C616-3B3F-3282-951E-560EE3A133E9}.RelWithDebInfo|x64.ActiveCfg = RelWithDebInfo|x64
		{CF86C616-3B3F-3282-951E-560EE3A133E9}.RelWithDebInfo|x64.Build.0 = RelWithDebInfo|x64
		{CD951477-8845-339C-9539-6AA92CD9C844}.Debug|x64.ActiveCfg = Debug|x64
		{CD951477-8845-339C-9539-6AA92CD9C844}.Release|x64.ActiveCfg = Release|x64
		{CD951477-8845-339C-9539-6AA92CD9C844}.MinSizeRel|x64.ActiveCfg = MinSizeRel|x64
		{CD951477-8845-339C-9539-6AA92CD9C844}.RelWithDebInfo|x64.ActiveCfg = RelWithDebInfo|x64
		{ADD908BB-225E-38BB-9AAB-43A2FAD2FBE1}.Debug|x64.ActiveCfg = Debug|x64
		{ADD908BB-225E-38BB-9AAB-43A2FAD2FBE1}.Release|x64.ActiveCfg = Release|x64
		{ADD908BB-225E-38BB-9AAB-43A2FAD2FBE1}.MinSizeRel|x64.ActiveCfg = MinSizeRel|x64
		{ADD908BB-225E-38BB-9AAB-43A2FAD2FBE1}.RelWithDebInfo|x64.ActiveCfg = RelWithDebInfo|x64
		{9A5CFB19-07A6-365E-98DF-F80FE5DB01C8}.Debug|x64.ActiveCfg = Debug|x64
		{9A5CFB19-07A6-365E-98DF-F80FE5DB01C8}.Debug|x64.Build.0 = Debug|x64
		{9A5CFB19-07A6-365E-98DF-F80FE5DB01C8}.Release|x64.ActiveCfg = Release|x64
		{9A5CFB19-07A6-365E-98DF-F80FE5DB01C8}.Release|x64.Build.0 = Release|x64
		{9A5CFB19-07A6-365E-98DF-F80FE5DB01C8}.MinSizeRel|x64.ActiveCfg = MinSizeRel|x64
		{9A5CFB19-07A6-365E-98DF-F80FE5DB01C8}.MinSizeRel|x64.Build.0 = MinSizeRel|x64
		{9A5CFB19-07A6-365E-98DF-F80FE5DB01C8}.RelWithDebInfo|x64.ActiveCfg = RelWithDebInfo|x64
		{9A5CFB19-07A6-365E-98DF-F80FE5DB01C8}.RelWithDebInfo|x64.Build.0 = RelWithDebInfo|x64
		{6B02E261-4DD3-3BCF-8564-C8DDD48EEC70}.Debug|x64.ActiveCfg = Debug|x64
		{6B02E261-4DD3-3BCF-8564-C8DDD48EEC70}.Debug|x64.Build.0 = Debug|x64
		{6B02E261-4DD3-3BCF-8564-C8DDD48EEC70}.Release|x64.ActiveCfg = Release|x64
		{6B02E261-4DD3-3BCF-8564-C8DDD48EEC70}.Release|x64.Build.0 = Release|x64
		{6B02E261-4DD3-3BCF-8564-C8DDD48EEC70}.MinSizeRel|x64.ActiveCfg = MinSizeRel|x64
		{6B02E261-4DD3-3BCF-8564-C8DDD48EEC70}.MinSizeRel|x64.Build.0 = MinSizeRel|x64
		{6B02E261-4DD3-3BCF-8564-C8DDD48EEC70}.RelWithDebInfo|x64.ActiveCfg = RelWithDebInfo|x64
		{6B02E261-4DD3-3BCF-8564-C8DDD48EEC70}.RelWithDebInfo|x64.Build.0 = RelWithDebInfo|x64
		{118AFD5F-60BD-3A87-90D5-C75B132417CD}.Debug|x64.ActiveCfg = Debug|x64
		{118AFD5F-60BD-3A87-90D5-C75B132417CD}.Debug|x64.Build.0 = Debug|x64
		{118AFD5F-60BD-3A87-90D5-C75B132417CD}.Release|x64.ActiveCfg = Release|x64
		{118AFD5F-60BD-3A87-90D5-C75B132417CD}.Release|x64.Build.0 = Release|x64
		{118AFD5F-60BD-3A87-90D5-C75B132417CD}.MinSizeRel|x64.ActiveCfg = MinSizeRel|x64
		{118AFD5F-60BD-3A87-90D5-C75B132417CD}.MinSizeRel|x64.Build.0 = MinSizeRel|x64
		{118AFD5F-60BD-3A87-90D5-C75B132417CD}.RelWithDebInfo|x64.ActiveCfg = RelWithDebInfo|x64
		{118AFD5F-60BD-3A87-90D5-C75B132417CD}.RelWithDebInfo|x64.Build.0 = RelWithDebInfo|x64
	EndGlobalSection
	GlobalSection(ExtensibilityGlobals) = postSolution
		SolutionGuid = {54D17DA1-7283-307E-982C-C445A3B322E8}
	EndGlobalSection
	GlobalSection(ExtensibilityAddIns) = postSolution
	EndGlobalSection
EndGlobal
